{
  "version": 4,
  "terraform_version": "1.15.3",
  "serial": 8,
  "lineage": "10b1116b-bef6-c6ee-ce58-049e6fa4b9a3",
  "outputs": {},
  "resources": [
    {
      "mode": "managed",
      "type": "libvirt_cloudinit_disk",
      "name": "common_db",
      "provider": "provider[\"registry.terraform.io/dmacvicar/libvirt\"]",
      "instances": [
        {
          "schema_version": 0,
          "attributes": {
            "id": "/var/lib/libvirt/images/commoninit_db.iso;4d58d3b5-7bf5-444a-b056-f0e33dd2354f",
            "meta_data": "",
            "name": "commoninit_db.iso",
            "network_config": "",
            "pool": "default",
            "user_data": "#cloud-config\n\nhostname: db\nmanage_etc_hosts: true\n\nssh_pwauth: true\ndisable_root: true\n\nusers:\n  - default\n\n  - name: ansible\n    groups: sudo\n    shell: /bin/bash\n    sudo: ALL=(ALL) NOPASSWD:ALL\n    lock_passwd: false\n    plain_text_passwd: \"12345678\"\n    ssh_authorized_keys:\n      - ssh-rsa AAAAB3NzaC1yc2EAAAADAQABAAACAQC+wGNnuERJdWsep/wF36R3vlyoAh91uknarlmoJMvam+5+Ej6zs9C4wCkZWuaAs0bhjb6X1aaKR2XlrBERuVmHRiPGFK0gGplfHPrg3Ut980cL5c2f96HPId9d+6o8WTUqbAPiOEMDh6OYOji8JN/rONSYiFAjom2ga2BVozTrK1fprlC4b70G73CsKVgasOWuEczUcn4ZnYIMxRI1DLJV4nvZNdbVDHhm9RFpg4B2StZhTdu1An+HCpxTJfLe8MViPKc+D2sMe48/tWDhmiIH0B51GhxWpEPaq3ihcM9lbGrZloYCiPh+/jDILOGXG+4rCKnUWiV+PKIaDgTWgn4S6t0GR2TQ7liwLX2d0x2h6T28b7u7pVhU12MPc1wq8wpi0YCiXzoV0+hiAm62bE6XS4eEpykr/aoPDOA8mrzha0Zd5n2Ydip3tPhXI5iEduQX4jg2ceXVkbHa1lrc0aim4mXWldOBQi9Nux9yxK8V+b0+RHTfuOObwg4IPsMELnClZswPz4peav3JofteNLTrrxBJoBY51fv4edBPhUnHIYIH6Vu4mVEL3/kk80m60gexdWO6DGr2C2TTMFatBL48raZ1zus8fdozDsaT4GeHMLEIONJo3MW2dIPkzqy9UA6aKY3jnR5DEdLGFQTrOJakwsP5w5b7TTQSXFcM2Lb+TQ== student@nodeserver3\n\n\n  - name: teacher\n    groups: sudo\n    shell: /bin/bash\n    sudo: ALL=(ALL) ALL\n    lock_passwd: false\n    plain_text_passwd: \"12345678\"\n\n  - name: operator\n    groups: sudo\n    shell: /bin/bash\n    sudo: ALL=(ALL) NOPASSWD:/usr/bin/systemctl start mywebapp,/usr/bin/systemctl stop mywebapp,/usr/bin/systemctl restart mywebapp,/usr/bin/systemctl status mywebapp,/usr/bin/systemctl reload nginx\n    lock_passwd: false\n    plain_text_passwd: \"12345678\"\n\n  - name: app\n    system: true\n    shell: /usr/sbin/nologin\n\npackages:\n  - qemu-guest-agent\n\nruncmd:\n  - systemctl enable ssh\n  - systemctl restart ssh"
          },
          "sensitive_attributes": [],
          "identity_schema_version": 0,
          "private": "bnVsbA=="
        }
      ]
    },
    {
      "mode": "managed",
      "type": "libvirt_cloudinit_disk",
      "name": "common_worker",
      "provider": "provider[\"registry.terraform.io/dmacvicar/libvirt\"]",
      "instances": [
        {
          "schema_version": 0,
          "attributes": {
            "id": "/var/lib/libvirt/images/commoninit_worker.iso;57a8896c-36a8-451d-9f8c-8e9524e3dcc5",
            "meta_data": "",
            "name": "commoninit_worker.iso",
            "network_config": "",
            "pool": "default",
            "user_data": "#cloud-config\n\nhostname: worker\nmanage_etc_hosts: true\n\nssh_pwauth: true\ndisable_root: true\n\nusers:\n  - default\n\n  - name: ansible\n    groups: sudo\n    shell: /bin/bash\n    sudo: ALL=(ALL) NOPASSWD:ALL\n    lock_passwd: false\n    plain_text_passwd: \"12345678\"\n    ssh_authorized_keys:\n      - ssh-rsa AAAAB3NzaC1yc2EAAAADAQABAAACAQC+wGNnuERJdWsep/wF36R3vlyoAh91uknarlmoJMvam+5+Ej6zs9C4wCkZWuaAs0bhjb6X1aaKR2XlrBERuVmHRiPGFK0gGplfHPrg3Ut980cL5c2f96HPId9d+6o8WTUqbAPiOEMDh6OYOji8JN/rONSYiFAjom2ga2BVozTrK1fprlC4b70G73CsKVgasOWuEczUcn4ZnYIMxRI1DLJV4nvZNdbVDHhm9RFpg4B2StZhTdu1An+HCpxTJfLe8MViPKc+D2sMe48/tWDhmiIH0B51GhxWpEPaq3ihcM9lbGrZloYCiPh+/jDILOGXG+4rCKnUWiV+PKIaDgTWgn4S6t0GR2TQ7liwLX2d0x2h6T28b7u7pVhU12MPc1wq8wpi0YCiXzoV0+hiAm62bE6XS4eEpykr/aoPDOA8mrzha0Zd5n2Ydip3tPhXI5iEduQX4jg2ceXVkbHa1lrc0aim4mXWldOBQi9Nux9yxK8V+b0+RHTfuOObwg4IPsMELnClZswPz4peav3JofteNLTrrxBJoBY51fv4edBPhUnHIYIH6Vu4mVEL3/kk80m60gexdWO6DGr2C2TTMFatBL48raZ1zus8fdozDsaT4GeHMLEIONJo3MW2dIPkzqy9UA6aKY3jnR5DEdLGFQTrOJakwsP5w5b7TTQSXFcM2Lb+TQ== student@nodeserver3\n\n\n  - name: teacher\n    groups: sudo\n    shell: /bin/bash\n    sudo: ALL=(ALL) ALL\n    lock_passwd: false\n    plain_text_passwd: \"12345678\"\n\n  - name: operator\n    groups: sudo\n    shell: /bin/bash\n    sudo: ALL=(ALL) NOPASSWD:/usr/bin/systemctl start mywebapp,/usr/bin/systemctl stop mywebapp,/usr/bin/systemctl restart mywebapp,/usr/bin/systemctl status mywebapp,/usr/bin/systemctl reload nginx\n    lock_passwd: false\n    plain_text_passwd: \"12345678\"\n\n  - name: app\n    system: true\n    shell: /usr/sbin/nologin\n\npackages:\n  - qemu-guest-agent\n\nruncmd:\n  - systemctl enable ssh\n  - systemctl restart ssh"
          },
          "sensitive_attributes": [],
          "identity_schema_version": 0,
          "private": "bnVsbA=="
        }
      ]
    },
    {
      "mode": "managed",
      "type": "libvirt_volume",
      "name": "db_disk",
      "provider": "provider[\"registry.terraform.io/dmacvicar/libvirt\"]",
      "instances": [
        {
          "schema_version": 0,
          "attributes": {
            "base_volume_id": "/var/lib/libvirt/images/ubuntu-24.04-base.qcow2",
            "base_volume_name": null,
            "base_volume_pool": null,
            "format": "qcow2",
            "id": "/var/lib/libvirt/images/db_disk.qcow2",
            "name": "db_disk.qcow2",
            "pool": "default",
            "size": 10737418240,
            "source": null,
            "xml": []
          },
          "sensitive_attributes": [],
          "identity_schema_version": 0,
          "private": "bnVsbA==",
          "dependencies": [
            "libvirt_volume.ubuntu_image"
          ]
        }
      ]
    },
    {
      "mode": "managed",
      "type": "libvirt_volume",
      "name": "ubuntu_image",
      "provider": "provider[\"registry.terraform.io/dmacvicar/libvirt\"]",
      "instances": [
        {
          "schema_version": 0,
          "attributes": {
            "base_volume_id": null,
            "base_volume_name": null,
            "base_volume_pool": null,
            "format": "qcow2",
            "id": "/var/lib/libvirt/images/ubuntu-24.04-base.qcow2",
            "name": "ubuntu-24.04-base.qcow2",
            "pool": "default",
            "size": 3758096384,
            "source": "https://cloud-images.ubuntu.com/noble/current/noble-server-cloudimg-amd64.img",
            "xml": []
          },
          "sensitive_attributes": [],
          "identity_schema_version": 0,
          "private": "bnVsbA=="
        }
      ]
    },
    {
      "mode": "managed",
      "type": "libvirt_volume",
      "name": "worker_disk",
      "provider": "provider[\"registry.terraform.io/dmacvicar/libvirt\"]",
      "instances": [
        {
          "schema_version": 0,
          "attributes": {
            "base_volume_id": "/var/lib/libvirt/images/ubuntu-24.04-base.qcow2",
            "base_volume_name": null,
            "base_volume_pool": null,
            "format": "qcow2",
            "id": "/var/lib/libvirt/images/worker_disk.qcow2",
            "name": "worker_disk.qcow2",
            "pool": "default",
            "size": 10737418240,
            "source": null,
            "xml": []
          },
          "sensitive_attributes": [],
          "identity_schema_version": 0,
          "private": "bnVsbA==",
          "dependencies": [
            "libvirt_volume.ubuntu_image"
          ]
        }
      ]
    },
    {
      "mode": "managed",
      "type": "local_file",
      "name": "ansible_inventory",
      "provider": "provider[\"registry.terraform.io/hashicorp/local\"]",
      "instances": [
        {
          "schema_version": 0,
          "attributes": {
            "content": "[db_nodes]\ndb_server ansible_host=10.10.10.61\n\n[worker_nodes]\nworker_server ansible_host=10.10.10.254\n\n[all:vars]\nansible_user=ansible\nansible_ssh_pass=12345678\nansible_ssh_common_args='-o StrictHostKeyChecking=no -o UserKnownHostsFile=/dev/null -o IdentitiesOnly=yes'\n",
            "content_base64": null,
            "content_base64sha256": "i5UOrIyDat/oYWTKfrRJOWJ3WGsj1dhKqSE3h8ZMnOo=",
            "content_base64sha512": "ynuCwV12wcP6qrqwacJpG8K3Y3q+x2pTte1K0jeqYv5g6lvzyx4cW7J1nZTQC9nBYxDaJEBXbQHneHy8L8Tehg==",
            "content_md5": "7b197177cd77066be80f541911cdb65d",
            "content_sha1": "d999295a2577991a0f8953c2766f8abfb3ba3013",
            "content_sha256": "8b950eac8c836adfe86164ca7eb449396277586b23d5d84aa9213787c64c9cea",
            "content_sha512": "ca7b82c15d76c1c3faaabab069c2691bc2b7637abec76a53b5ed4ad237aa62fe60ea5bf3cb1e1c5bb2759d94d00bd9c16310da2440576d01e7787cbc2fc4de86",
            "directory_permission": "0777",
            "file_permission": "0777",
            "filename": "./ansible_inventory",
            "id": "d999295a2577991a0f8953c2766f8abfb3ba3013",
            "sensitive_content": null,
            "source": null
          },
          "sensitive_attributes": [
            [
              {
                "type": "get_attr",
                "value": "sensitive_content"
              }
            ]
          ],
          "identity_schema_version": 0
        }
      ]
    }
  ],
  "check_results": null
}
